
Microsoft Visual Studio Solution File, Format Version 12.00
# Visual Studio Version 16
VisualStudioVersion = 16.0.30104.148
MinimumVisualStudioVersion = 10.0.40219.1
Project("{9A19103F-16F7-4668-BE54-9A1E7A4F7556}") = "TechnicalTask", "TechnicalTask\TechnicalTask.csproj", "{3A0BDF9D-608B-471B-A404-BE359C4BA33F}"
EndProject
Project("{9A19103F-16F7-4668-BE54-9A1E7A4F7556}") = "TTDataAccessLibrary", "TTDataAccessLibrary\TTDataAccessLibrary.csproj", "{9E4D11EC-857A-40AF-8C97-D4977C57B9B6}"
EndProject
Global
	GlobalSection(SolutionConfigurationPlatforms) = preSolution
		Debug|Any CPU = Debug|Any CPU
		Release|Any CPU = Release|Any CPU
	EndGlobalSection
	GlobalSection(ProjectConfigurationPlatforms) = postSolution
		{3A0BDF9D-608B-471B-A404-BE359C4BA33F}.Debug|Any CPU.ActiveCfg = Debug|Any CPU
		{3A0BDF9D-608B-471B-A404-BE359C4BA33F}.Debug|Any CPU.Build.0 = Debug|Any CPU
		{3A0BDF9D-608B-471B-A404-BE359C4BA33F}.Release|Any CPU.ActiveCfg = Release|Any CPU
		{3A0BDF9D-608B-471B-A404-BE359C4BA33F}.Release|Any CPU.Build.0 = Release|Any CPU
		{9E4D11EC-857A-40AF-8C97-D4977C57B9B6}.Debug|Any CPU.ActiveCfg = Debug|Any CPU
		{9E4D11EC-857A-40AF-8C97-D4977C57B9B6}.Debug|Any CPU.Build.0 = Debug|Any CPU
		{9E4D11EC-857A-40AF-8C97-D4977C57B9B6}.Release|Any CPU.ActiveCfg = Release|Any CPU
		{9E4D11EC-857A-40AF-8C97-D4977C57B9B6}.Release|Any CPU.Build.0 = Release|Any CPU
	EndGlobalSection
	GlobalSection(SolutionProperties) = preSolution
		HideSolutionNode = FALSE
	EndGlobalSection
	GlobalSection(ExtensibilityGlobals) = postSolution
		SolutionGuid = {E61CF66E-1631-4DB5-9A27-22373BBDF9F5}
	EndGlobalSection
EndGlobal
